
Microsoft Visual Studio Solution File, Format Version 12.00
# Visual Studio Version 16
VisualStudioVersion = 16.0.30611.23
MinimumVisualStudioVersion = 10.0.40219.1
Project("{FAE04EC0-301F-11D3-BF4B-00C04F79EFBC}") = "TravelBlog", "TravelBlog.csproj", "{FF6CBC0F-9522-42DF-85DF-D27E5B3CC703}"
EndProject
Global
	GlobalSection(SolutionConfigurationPlatforms) = preSolution
		Debug|Any CPU = Debug|Any CPU
		Release|Any CPU = Release|Any CPU
	EndGlobalSection
	GlobalSection(ProjectConfigurationPlatforms) = postSolution
		{FF6CBC0F-9522-42DF-85DF-D27E5B3CC703}.Debug|Any CPU.ActiveCfg = Debug|Any CPU
		{FF6CBC0F-9522-42DF-85DF-D27E5B3CC703}.Debug|Any CPU.Build.0 = Debug|Any CPU
		{FF6CBC0F-9522-42DF-85DF-D27E5B3CC703}.Release|Any CPU.ActiveCfg = Release|Any CPU
		{FF6CBC0F-9522-42DF-85DF-D27E5B3CC703}.Release|Any CPU.Build.0 = Release|Any CPU
	EndGlobalSection
	GlobalSection(SolutionProperties) = preSolution
		HideSolutionNode = FALSE
	EndGlobalSection
	GlobalSection(ExtensibilityGlobals) = postSolution
		SolutionGuid = {1E870DAC-8197-4FE3-906C-670B0F893406}
	EndGlobalSection
EndGlobal
